
Microsoft Visual Studio Solution File, Format Version 12.00
# Visual Studio Version 17
VisualStudioVersion = 17.6.33815.320
MinimumVisualStudioVersion = 10.0.40219.1
Project("{FAE04EC0-301F-11D3-BF4B-00C04F79EFBC}") = "WpfApp1", "WpfApp1\WpfApp1.csproj", "{4B855272-1CAC-426D-8FD4-98AFAE6415B7}"
EndProject
Global
	GlobalSection(SolutionConfigurationPlatforms) = preSolution
		Debug|Any CPU = Debug|Any CPU
		Release|Any CPU = Release|Any CPU
	EndGlobalSection
	GlobalSection(ProjectConfigurationPlatforms) = postSolution
		{4B855272-1CAC-426D-8FD4-98AFAE6415B7}.Debug|Any CPU.ActiveCfg = Debug|Any CPU
		{4B855272-1CAC-426D-8FD4-98AFAE6415B7}.Debug|Any CPU.Build.0 = Debug|Any CPU
		{4B855272-1CAC-426D-8FD4-98AFAE6415B7}.Release|Any CPU.ActiveCfg = Release|Any CPU
		{4B855272-1CAC-426D-8FD4-98AFAE6415B7}.Release|Any CPU.Build.0 = Release|Any CPU
	EndGlobalSection
	GlobalSection(SolutionProperties) = preSolution
		HideSolutionNode = FALSE
	EndGlobalSection
	GlobalSection(ExtensibilityGlobals) = postSolution
		SolutionGuid = {4E1C8E41-F488-4C7A-8C77-2B5390290E32}
	EndGlobalSection
EndGlobal
